// !$*UTF8*$!
{
	archiveVersion = 1;
	classes = {
	};
	objectVersion = 56;
	objects = {

/* Begin PBXBuildFile section */
		2EBDDA9729624FF60016D302 /* UIObject.cpp in Sources */ = {isa = PBXBuildFile; fileRef = 2EBDDA9529624FF60016D302 /* UIObject.cpp */; };
		2EBDDA9D296262F50016D302 /* Button.cpp in Sources */ = {isa = PBXBuildFile; fileRef = 2EBDDA9B296262F50016D302 /* Button.cpp */; };
		742D4B782962B967008C82EA /* TileObject.cpp in Sources */ = {isa = PBXBuildFile; fileRef = 742D4B762962B967008C82EA /* TileObject.cpp */; };
		74797657296154CA0071FCA7 /* TotemBlock.cpp in Sources */ = {isa = PBXBuildFile; fileRef = 74797655296154CA0071FCA7 /* TotemBlock.cpp */; };
		7479765B2961591C0071FCA7 /* SceneManager.cpp in Sources */ = {isa = PBXBuildFile; fileRef = 747976592961591C0071FCA7 /* SceneManager.cpp */; };
		7479765E29625E5E0071FCA7 /* GameObjectLoader.cpp in Sources */ = {isa = PBXBuildFile; fileRef = 7479765C29625E5E0071FCA7 /* GameObjectLoader.cpp */; };
		749125232960B9510098C657 /* Assets in CopyFiles */ = {isa = PBXBuildFile; fileRef = 749125222960B9510098C657 /* Assets */; };
		7496D4FC295FF1E400C04589 /* Player.cpp in Sources */ = {isa = PBXBuildFile; fileRef = 7496D4FA295FF1E400C04589 /* Player.cpp */; };
		7496D500295FFBD900C04589 /* Input.cpp in Sources */ = {isa = PBXBuildFile; fileRef = 7496D4FE295FFBD900C04589 /* Input.cpp */; };
		7496D5052960343200C04589 /* Camera.cpp in Sources */ = {isa = PBXBuildFile; fileRef = 7496D5032960343200C04589 /* Camera.cpp */; };
		749804A6295A1B4D0036D951 /* main.cpp in Sources */ = {isa = PBXBuildFile; fileRef = 749804A5295A1B4D0036D951 /* main.cpp */; };
		749804AE295A1B8F0036D951 /* SDL2.framework in Frameworks */ = {isa = PBXBuildFile; fileRef = 749804AD295A1B8F0036D951 /* SDL2.framework */; };
		749804B9295E58E90036D951 /* GameObject.cpp in Sources */ = {isa = PBXBuildFile; fileRef = 749804B7295E58E90036D951 /* GameObject.cpp */; };
		749804BC295E595D0036D951 /* vars.cpp in Sources */ = {isa = PBXBuildFile; fileRef = 749804BA295E595D0036D951 /* vars.cpp */; };
		749804BE295EA72D0036D951 /* SDL2_image.framework in Frameworks */ = {isa = PBXBuildFile; fileRef = 749804BD295EA72D0036D951 /* SDL2_image.framework */; };
		749804C4295EB0BE0036D951 /* Collider.cpp in Sources */ = {isa = PBXBuildFile; fileRef = 749804C2295EB0BE0036D951 /* Collider.cpp */; };
		74BC9F4D295FC12000E1D4D5 /* Collisions.cpp in Sources */ = {isa = PBXBuildFile; fileRef = 74BC9F4B295FC12000E1D4D5 /* Collisions.cpp */; };
		74C1B0572962A53E00569020 /* Map.cpp in Sources */ = {isa = PBXBuildFile; fileRef = 74C1B0552962A53E00569020 /* Map.cpp */; };
/* End PBXBuildFile section */

/* Begin PBXCopyFilesBuildPhase section */
		749804A0295A1B4D0036D951 /* CopyFiles */ = {
			isa = PBXCopyFilesBuildPhase;
			buildActionMask = 12;
			dstPath = Assets;
			dstSubfolderSpec = 7;
			files = (
				749125232960B9510098C657 /* Assets in CopyFiles */,
			);
			runOnlyForDeploymentPostprocessing = 0;
		};
/* End PBXCopyFilesBuildPhase section */

/* Begin PBXFileReference section */
		2EBDDA9529624FF60016D302 /* UIObject.cpp */ = {isa = PBXFileReference; lastKnownFileType = sourcecode.cpp.cpp; path = UIObject.cpp; sourceTree = "<group>"; };
		2EBDDA9629624FF60016D302 /* UIObject.hpp */ = {isa = PBXFileReference; lastKnownFileType = sourcecode.cpp.h; path = UIObject.hpp; sourceTree = "<group>"; };
		2EBDDA9B296262F50016D302 /* Button.cpp */ = {isa = PBXFileReference; lastKnownFileType = sourcecode.cpp.cpp; path = Button.cpp; sourceTree = "<group>"; };
		2EBDDA9C296262F50016D302 /* Button.hpp */ = {isa = PBXFileReference; lastKnownFileType = sourcecode.cpp.h; path = Button.hpp; sourceTree = "<group>"; };
		7423C7E4295F8F84000FDD3B /* TotemBlock.png */ = {isa = PBXFileReference; lastKnownFileType = image.png; path = TotemBlock.png; sourceTree = "<group>"; };
		742D4B762962B967008C82EA /* TileObject.cpp */ = {isa = PBXFileReference; lastKnownFileType = sourcecode.cpp.cpp; path = TileObject.cpp; sourceTree = "<group>"; };
		742D4B772962B967008C82EA /* TileObject.hpp */ = {isa = PBXFileReference; lastKnownFileType = sourcecode.cpp.h; path = TileObject.hpp; sourceTree = "<group>"; };
		742D4B792962CA80008C82EA /* File.txt */ = {isa = PBXFileReference; lastKnownFileType = text; path = File.txt; sourceTree = "<group>"; };
		742D4B7F2962D9B9008C82EA /* Totem.json */ = {isa = PBXFileReference; fileEncoding = 4; lastKnownFileType = text.json; path = Totem.json; sourceTree = "<group>"; };
		747976542960C0220071FCA7 /* info.plist */ = {isa = PBXFileReference; lastKnownFileType = text.plist.xml; path = info.plist; sourceTree = "<group>"; };
		74797655296154CA0071FCA7 /* TotemBlock.cpp */ = {isa = PBXFileReference; lastKnownFileType = sourcecode.cpp.cpp; path = TotemBlock.cpp; sourceTree = "<group>"; };
		74797656296154CA0071FCA7 /* TotemBlock.hpp */ = {isa = PBXFileReference; lastKnownFileType = sourcecode.cpp.h; path = TotemBlock.hpp; sourceTree = "<group>"; };
		747976592961591C0071FCA7 /* SceneManager.cpp */ = {isa = PBXFileReference; lastKnownFileType = sourcecode.cpp.cpp; path = SceneManager.cpp; sourceTree = "<group>"; };
		7479765A2961591C0071FCA7 /* SceneManager.hpp */ = {isa = PBXFileReference; lastKnownFileType = sourcecode.cpp.h; path = SceneManager.hpp; sourceTree = "<group>"; };
		7479765C29625E5E0071FCA7 /* GameObjectLoader.cpp */ = {isa = PBXFileReference; lastKnownFileType = sourcecode.cpp.cpp; path = GameObjectLoader.cpp; sourceTree = "<group>"; };
		7479765D29625E5E0071FCA7 /* GameObjectLoader.hpp */ = {isa = PBXFileReference; lastKnownFileType = sourcecode.cpp.h; path = GameObjectLoader.hpp; sourceTree = "<group>"; };
		7479765F2962672A0071FCA7 /* BlankTotemBlock.png */ = {isa = PBXFileReference; lastKnownFileType = image.png; path = BlankTotemBlock.png; sourceTree = "<group>"; };
		74797660296268050071FCA7 /* BackgroundHill.png */ = {isa = PBXFileReference; lastKnownFileType = image.png; path = BackgroundHill.png; sourceTree = "<group>"; };
		7491251E2960B8060098C657 /* ground_tile.png */ = {isa = PBXFileReference; lastKnownFileType = image.png; path = ground_tile.png; sourceTree = "<group>"; };
		749125222960B9510098C657 /* Assets */ = {isa = PBXFileReference; lastKnownFileType = folder; name = Assets; path = Totem/Assets; sourceTree = "<group>"; };
		7496D4FA295FF1E400C04589 /* Player.cpp */ = {isa = PBXFileReference; lastKnownFileType = sourcecode.cpp.cpp; path = Player.cpp; sourceTree = "<group>"; };
		7496D4FB295FF1E400C04589 /* Player.hpp */ = {isa = PBXFileReference; lastKnownFileType = sourcecode.cpp.h; path = Player.hpp; sourceTree = "<group>"; };
		7496D4FE295FFBD900C04589 /* Input.cpp */ = {isa = PBXFileReference; lastKnownFileType = sourcecode.cpp.cpp; path = Input.cpp; sourceTree = "<group>"; };
		7496D4FF295FFBD900C04589 /* Input.hpp */ = {isa = PBXFileReference; lastKnownFileType = sourcecode.cpp.h; path = Input.hpp; sourceTree = "<group>"; };
		7496D5032960343200C04589 /* Camera.cpp */ = {isa = PBXFileReference; lastKnownFileType = sourcecode.cpp.cpp; path = Camera.cpp; sourceTree = "<group>"; };
		7496D5042960343200C04589 /* Camera.hpp */ = {isa = PBXFileReference; lastKnownFileType = sourcecode.cpp.h; path = Camera.hpp; sourceTree = "<group>"; };
		749804A2295A1B4D0036D951 /* Totem */ = {isa = PBXFileReference; explicitFileType = "compiled.mach-o.executable"; includeInIndex = 0; path = Totem; sourceTree = BUILT_PRODUCTS_DIR; };
		749804A5295A1B4D0036D951 /* main.cpp */ = {isa = PBXFileReference; lastKnownFileType = sourcecode.cpp.cpp; path = main.cpp; sourceTree = "<group>"; };
		749804AD295A1B8F0036D951 /* SDL2.framework */ = {isa = PBXFileReference; lastKnownFileType = wrapper.framework; name = SDL2.framework; path = ../../../../Library/Frameworks/SDL2.framework; sourceTree = "<group>"; };
		749804B7295E58E90036D951 /* GameObject.cpp */ = {isa = PBXFileReference; lastKnownFileType = sourcecode.cpp.cpp; path = GameObject.cpp; sourceTree = "<group>"; };
		749804B8295E58E90036D951 /* GameObject.hpp */ = {isa = PBXFileReference; lastKnownFileType = sourcecode.cpp.h; path = GameObject.hpp; sourceTree = "<group>"; };
		749804BA295E595D0036D951 /* vars.cpp */ = {isa = PBXFileReference; lastKnownFileType = sourcecode.cpp.cpp; path = vars.cpp; sourceTree = "<group>"; };
		749804BB295E595D0036D951 /* vars.hpp */ = {isa = PBXFileReference; lastKnownFileType = sourcecode.cpp.h; path = vars.hpp; sourceTree = "<group>"; };
		749804BD295EA72D0036D951 /* SDL2_image.framework */ = {isa = PBXFileReference; lastKnownFileType = wrapper.framework; name = SDL2_image.framework; path = ../../../../Library/Frameworks/SDL2_image.framework; sourceTree = "<group>"; };
		749804C0295EAE060036D951 /* StanPot.png */ = {isa = PBXFileReference; lastKnownFileType = image.png; path = StanPot.png; sourceTree = "<group>"; };
		749804C2295EB0BE0036D951 /* Collider.cpp */ = {isa = PBXFileReference; lastKnownFileType = sourcecode.cpp.cpp; path = Collider.cpp; sourceTree = "<group>"; };
		749804C3295EB0BE0036D951 /* Collider.hpp */ = {isa = PBXFileReference; lastKnownFileType = sourcecode.cpp.h; path = Collider.hpp; sourceTree = "<group>"; };
		74BC9F4B295FC12000E1D4D5 /* Collisions.cpp */ = {isa = PBXFileReference; lastKnownFileType = sourcecode.cpp.cpp; path = Collisions.cpp; sourceTree = "<group>"; };
		74BC9F4C295FC12000E1D4D5 /* Collisions.hpp */ = {isa = PBXFileReference; lastKnownFileType = sourcecode.cpp.h; path = Collisions.hpp; sourceTree = "<group>"; };
		74C1B0532962A48500569020 /* json.hpp */ = {isa = PBXFileReference; lastKnownFileType = sourcecode.cpp.h; name = json.hpp; path = ../../../Downloads/include/single_include/nlohmann/json.hpp; sourceTree = "<group>"; };
		74C1B0552962A53E00569020 /* Map.cpp */ = {isa = PBXFileReference; lastKnownFileType = sourcecode.cpp.cpp; path = Map.cpp; sourceTree = "<group>"; };
		74C1B0562962A53E00569020 /* Map.hpp */ = {isa = PBXFileReference; lastKnownFileType = sourcecode.cpp.h; path = Map.hpp; sourceTree = "<group>"; };
		74C1B0582962B5FC00569020 /* TileTest.png */ = {isa = PBXFileReference; lastKnownFileType = image.png; path = TileTest.png; sourceTree = "<group>"; };
/* End PBXFileReference section */

/* Begin PBXFrameworksBuildPhase section */
		7498049F295A1B4D0036D951 /* Frameworks */ = {
			isa = PBXFrameworksBuildPhase;
			buildActionMask = 2147483647;
			files = (
				749804BE295EA72D0036D951 /* SDL2_image.framework in Frameworks */,
				749804AE295A1B8F0036D951 /* SDL2.framework in Frameworks */,
			);
			runOnlyForDeploymentPostprocessing = 0;
		};
/* End PBXFrameworksBuildPhase section */

/* Begin PBXGroup section */
		2EBDDA9329624FB50016D302 /* UI System */ = {
			isa = PBXGroup;
			children = (
				2EBDDA9A296262E80016D302 /* Button */,
				2EBDDA98296250060016D302 /* UIObject */,
			);
			path = "UI System";
			sourceTree = "<group>";
		};
		2EBDDA98296250060016D302 /* UIObject */ = {
			isa = PBXGroup;
			children = (
				2EBDDA9529624FF60016D302 /* UIObject.cpp */,
				2EBDDA9629624FF60016D302 /* UIObject.hpp */,
			);
			path = UIObject;
			sourceTree = "<group>";
		};
		2EBDDA9A296262E80016D302 /* Button */ = {
			isa = PBXGroup;
			children = (
				2EBDDA9B296262F50016D302 /* Button.cpp */,
				2EBDDA9C296262F50016D302 /* Button.hpp */,
			);
			path = Button;
			sourceTree = "<group>";
		};
		742D4B742962B92D008C82EA /* GameObjects */ = {
			isa = PBXGroup;
			children = (
				7496D4F9295FF1CF00C04589 /* Player */,
				742D4B752962B945008C82EA /* Tiles */,
			);
			path = GameObjects;
			sourceTree = "<group>";
		};
		742D4B752962B945008C82EA /* Tiles */ = {
			isa = PBXGroup;
			children = (
				742D4B762962B967008C82EA /* TileObject.cpp */,
				742D4B772962B967008C82EA /* TileObject.hpp */,
			);
			path = Tiles;
			sourceTree = "<group>";
		};
		747976582961588A0071FCA7 /* LevelSystem */ = {
			isa = PBXGroup;
			children = (
				74C1B0542962A52400569020 /* CreatingLevels */,
				747976592961591C0071FCA7 /* SceneManager.cpp */,
				7479765A2961591C0071FCA7 /* SceneManager.hpp */,
				7479765C29625E5E0071FCA7 /* GameObjectLoader.cpp */,
				7479765D29625E5E0071FCA7 /* GameObjectLoader.hpp */,
			);
			path = LevelSystem;
			sourceTree = "<group>";
		};
		7496D4F9295FF1CF00C04589 /* Player */ = {
			isa = PBXGroup;
			children = (
				7496D4FA295FF1E400C04589 /* Player.cpp */,
				7496D4FB295FF1E400C04589 /* Player.hpp */,
				74797655296154CA0071FCA7 /* TotemBlock.cpp */,
				74797656296154CA0071FCA7 /* TotemBlock.hpp */,
			);
			path = Player;
			sourceTree = "<group>";
		};
		7496D4FD295FFAB400C04589 /* Input */ = {
			isa = PBXGroup;
			children = (
				7496D4FE295FFBD900C04589 /* Input.cpp */,
				7496D4FF295FFBD900C04589 /* Input.hpp */,
			);
			path = Input;
			sourceTree = "<group>";
		};
		7496D5022960341F00C04589 /* Camera */ = {
			isa = PBXGroup;
			children = (
				7496D5032960343200C04589 /* Camera.cpp */,
				7496D5042960343200C04589 /* Camera.hpp */,
			);
			path = Camera;
			sourceTree = "<group>";
		};
		74980499295A1B4D0036D951 = {
			isa = PBXGroup;
			children = (
				747976542960C0220071FCA7 /* info.plist */,
				749125222960B9510098C657 /* Assets */,
				749804A4295A1B4D0036D951 /* Totem */,
				749804A3295A1B4D0036D951 /* Products */,
				749804AC295A1B8F0036D951 /* Frameworks */,
			);
			sourceTree = "<group>";
		};
		749804A3295A1B4D0036D951 /* Products */ = {
			isa = PBXGroup;
			children = (
				749804A2295A1B4D0036D951 /* Totem */,
			);
			name = Products;
			sourceTree = "<group>";
		};
		749804A4295A1B4D0036D951 /* Totem */ = {
			isa = PBXGroup;
			children = (
				742D4B742962B92D008C82EA /* GameObjects */,
				2EBDDA9329624FB50016D302 /* UI System */,
				747976582961588A0071FCA7 /* LevelSystem */,
				749804A5295A1B4D0036D951 /* main.cpp */,
				749804BF295EADC80036D951 /* Assets */,
				749804B7295E58E90036D951 /* GameObject.cpp */,
				74C1B0532962A48500569020 /* json.hpp */,
				7496D5022960341F00C04589 /* Camera */,
				7496D4FD295FFAB400C04589 /* Input */,
				749804C1295EB08F0036D951 /* Collision */,
				749804B8295E58E90036D951 /* GameObject.hpp */,
				749804BA295E595D0036D951 /* vars.cpp */,
				749804BB295E595D0036D951 /* vars.hpp */,
			);
			path = Totem;
			sourceTree = "<group>";
		};
		749804AC295A1B8F0036D951 /* Frameworks */ = {
			isa = PBXGroup;
			children = (
				749804BD295EA72D0036D951 /* SDL2_image.framework */,
				749804AD295A1B8F0036D951 /* SDL2.framework */,
			);
			name = Frameworks;
			sourceTree = "<group>";
		};
		749804BF295EADC80036D951 /* Assets */ = {
			isa = PBXGroup;
			children = (
				74C1B0582962B5FC00569020 /* TileTest.png */,
				74797660296268050071FCA7 /* BackgroundHill.png */,
				7479765F2962672A0071FCA7 /* BlankTotemBlock.png */,
				7491251E2960B8060098C657 /* ground_tile.png */,
				7423C7E4295F8F84000FDD3B /* TotemBlock.png */,
				749804C0295EAE060036D951 /* StanPot.png */,
			);
			path = Assets;
			sourceTree = "<group>";
		};
		749804C1295EB08F0036D951 /* Collision */ = {
			isa = PBXGroup;
			children = (
				749804C2295EB0BE0036D951 /* Collider.cpp */,
				749804C3295EB0BE0036D951 /* Collider.hpp */,
				74BC9F4B295FC12000E1D4D5 /* Collisions.cpp */,
				74BC9F4C295FC12000E1D4D5 /* Collisions.hpp */,
			);
			path = Collision;
			sourceTree = "<group>";
		};
		74C1B0542962A52400569020 /* CreatingLevels */ = {
			isa = PBXGroup;
			children = (
				742D4B7F2962D9B9008C82EA /* Totem.json */,
				74C1B0552962A53E00569020 /* Map.cpp */,
				74C1B0562962A53E00569020 /* Map.hpp */,
				742D4B792962CA80008C82EA /* File.txt */,
			);
			path = CreatingLevels;
			sourceTree = "<group>";
		};
/* End PBXGroup section */

/* Begin PBXNativeTarget section */
		749804A1295A1B4D0036D951 /* Totem */ = {
			isa = PBXNativeTarget;
			buildConfigurationList = 749804A9295A1B4D0036D951 /* Build configuration list for PBXNativeTarget "Totem" */;
			buildPhases = (
				7498049E295A1B4D0036D951 /* Sources */,
				7498049F295A1B4D0036D951 /* Frameworks */,
				749804A0295A1B4D0036D951 /* CopyFiles */,
			);
			buildRules = (
			);
			dependencies = (
			);
			name = Totem;
			productName = Totem;
			productReference = 749804A2295A1B4D0036D951 /* Totem */;
			productType = "com.apple.product-type.tool";
		};
/* End PBXNativeTarget section */

/* Begin PBXProject section */
		7498049A295A1B4D0036D951 /* Project object */ = {
			isa = PBXProject;
			attributes = {
				BuildIndependentTargetsInParallel = 1;
				LastSwiftUpdateCheck = 1420;
				LastUpgradeCheck = 1420;
				TargetAttributes = {
					749804A1295A1B4D0036D951 = {
						CreatedOnToolsVersion = 14.2;
					};
				};
			};
			buildConfigurationList = 7498049D295A1B4D0036D951 /* Build configuration list for PBXProject "Totem" */;
			compatibilityVersion = "Xcode 14.0";
			developmentRegion = en;
			hasScannedForEncodings = 0;
			knownRegions = (
				en,
				Base,
			);
			mainGroup = 74980499295A1B4D0036D951;
			productRefGroup = 749804A3295A1B4D0036D951 /* Products */;
			projectDirPath = "";
			projectRoot = "";
			targets = (
				749804A1295A1B4D0036D951 /* Totem */,
			);
		};
/* End PBXProject section */

/* Begin PBXSourcesBuildPhase section */
		7498049E295A1B4D0036D951 /* Sources */ = {
			isa = PBXSourcesBuildPhase;
			buildActionMask = 2147483647;
			files = (
				2EBDDA9729624FF60016D302 /* UIObject.cpp in Sources */,
				749804B9295E58E90036D951 /* GameObject.cpp in Sources */,
				74BC9F4D295FC12000E1D4D5 /* Collisions.cpp in Sources */,
				7496D4FC295FF1E400C04589 /* Player.cpp in Sources */,
				7496D500295FFBD900C04589 /* Input.cpp in Sources */,
				7479765E29625E5E0071FCA7 /* GameObjectLoader.cpp in Sources */,
				7479765B2961591C0071FCA7 /* SceneManager.cpp in Sources */,
				7496D5052960343200C04589 /* Camera.cpp in Sources */,
				742D4B782962B967008C82EA /* TileObject.cpp in Sources */,
				749804A6295A1B4D0036D951 /* main.cpp in Sources */,
				749804BC295E595D0036D951 /* vars.cpp in Sources */,
				74797657296154CA0071FCA7 /* TotemBlock.cpp in Sources */,
				749804C4295EB0BE0036D951 /* Collider.cpp in Sources */,
				74C1B0572962A53E00569020 /* Map.cpp in Sources */,
				2EBDDA9D296262F50016D302 /* Button.cpp in Sources */,
			);
			runOnlyForDeploymentPostprocessing = 0;
		};
/* End PBXSourcesBuildPhase section */

/* Begin XCBuildConfiguration section */
		749804A7295A1B4D0036D951 /* Debug */ = {
			isa = XCBuildConfiguration;
			buildSettings = {
				ALWAYS_SEARCH_USER_PATHS = NO;
				CLANG_ANALYZER_NONNULL = YES;
				CLANG_ANALYZER_NUMBER_OBJECT_CONVERSION = YES_AGGRESSIVE;
				CLANG_CXX_LANGUAGE_STANDARD = "gnu++20";
				CLANG_ENABLE_MODULES = YES;
				CLANG_ENABLE_OBJC_ARC = YES;
				CLANG_ENABLE_OBJC_WEAK = YES;
				CLANG_WARN_BLOCK_CAPTURE_AUTORELEASING = YES;
				CLANG_WARN_BOOL_CONVERSION = YES;
				CLANG_WARN_COMMA = YES;
				CLANG_WARN_CONSTANT_CONVERSION = YES;
				CLANG_WARN_DEPRECATED_OBJC_IMPLEMENTATIONS = YES;
				CLANG_WARN_DIRECT_OBJC_ISA_USAGE = YES_ERROR;
				CLANG_WARN_DOCUMENTATION_COMMENTS = YES;
				CLANG_WARN_EMPTY_BODY = YES;
				CLANG_WARN_ENUM_CONVERSION = YES;
				CLANG_WARN_INFINITE_RECURSION = YES;
				CLANG_WARN_INT_CONVERSION = YES;
				CLANG_WARN_NON_LITERAL_NULL_CONVERSION = YES;
				CLANG_WARN_OBJC_IMPLICIT_RETAIN_SELF = YES;
				CLANG_WARN_OBJC_LITERAL_CONVERSION = YES;
				CLANG_WARN_OBJC_ROOT_CLASS = YES_ERROR;
				CLANG_WARN_QUOTED_INCLUDE_IN_FRAMEWORK_HEADER = YES;
				CLANG_WARN_RANGE_LOOP_ANALYSIS = YES;
				CLANG_WARN_STRICT_PROTOTYPES = YES;
				CLANG_WARN_SUSPICIOUS_MOVE = YES;
				CLANG_WARN_UNGUARDED_AVAILABILITY = YES_AGGRESSIVE;
				CLANG_WARN_UNREACHABLE_CODE = YES;
				CLANG_WARN__DUPLICATE_METHOD_MATCH = YES;
				COPY_PHASE_STRIP = NO;
				DEBUG_INFORMATION_FORMAT = dwarf;
				ENABLE_STRICT_OBJC_MSGSEND = YES;
				ENABLE_TESTABILITY = YES;
				GCC_C_LANGUAGE_STANDARD = gnu11;
				GCC_DYNAMIC_NO_PIC = NO;
				GCC_NO_COMMON_BLOCKS = YES;
				GCC_OPTIMIZATION_LEVEL = 0;
				GCC_PREPROCESSOR_DEFINITIONS = (
					"DEBUG=1",
					"$(inherited)",
				);
				GCC_WARN_64_TO_32_BIT_CONVERSION = YES;
				GCC_WARN_ABOUT_RETURN_TYPE = YES_ERROR;
				GCC_WARN_UNDECLARED_SELECTOR = YES;
				GCC_WARN_UNINITIALIZED_AUTOS = YES_AGGRESSIVE;
				GCC_WARN_UNUSED_FUNCTION = YES;
				GCC_WARN_UNUSED_VARIABLE = YES;
				MACOSX_DEPLOYMENT_TARGET = "$(RECOMMENDED_MACOSX_DEPLOYMENT_TARGET)";
				MTL_ENABLE_DEBUG_INFO = INCLUDE_SOURCE;
				MTL_FAST_MATH = YES;
				ONLY_ACTIVE_ARCH = YES;
				SDKROOT = macosx;
			};
			name = Debug;
		};
		749804A8295A1B4D0036D951 /* Release */ = {
			isa = XCBuildConfiguration;
			buildSettings = {
				ALWAYS_SEARCH_USER_PATHS = NO;
				CLANG_ANALYZER_NONNULL = YES;
				CLANG_ANALYZER_NUMBER_OBJECT_CONVERSION = YES_AGGRESSIVE;
				CLANG_CXX_LANGUAGE_STANDARD = "gnu++20";
				CLANG_ENABLE_MODULES = YES;
				CLANG_ENABLE_OBJC_ARC = YES;
				CLANG_ENABLE_OBJC_WEAK = YES;
				CLANG_WARN_BLOCK_CAPTURE_AUTORELEASING = YES;
				CLANG_WARN_BOOL_CONVERSION = YES;
				CLANG_WARN_COMMA = YES;
				CLANG_WARN_CONSTANT_CONVERSION = YES;
				CLANG_WARN_DEPRECATED_OBJC_IMPLEMENTATIONS = YES;
				CLANG_WARN_DIRECT_OBJC_ISA_USAGE = YES_ERROR;
				CLANG_WARN_DOCUMENTATION_COMMENTS = YES;
				CLANG_WARN_EMPTY_BODY = YES;
				CLANG_WARN_ENUM_CONVERSION = YES;
				CLANG_WARN_INFINITE_RECURSION = YES;
				CLANG_WARN_INT_CONVERSION = YES;
				CLANG_WARN_NON_LITERAL_NULL_CONVERSION = YES;
				CLANG_WARN_OBJC_IMPLICIT_RETAIN_SELF = YES;
				CLANG_WARN_OBJC_LITERAL_CONVERSION = YES;
				CLANG_WARN_OBJC_ROOT_CLASS = YES_ERROR;
				CLANG_WARN_QUOTED_INCLUDE_IN_FRAMEWORK_HEADER = YES;
				CLANG_WARN_RANGE_LOOP_ANALYSIS = YES;
				CLANG_WARN_STRICT_PROTOTYPES = YES;
				CLANG_WARN_SUSPICIOUS_MOVE = YES;
				CLANG_WARN_UNGUARDED_AVAILABILITY = YES_AGGRESSIVE;
				CLANG_WARN_UNREACHABLE_CODE = YES;
				CLANG_WARN__DUPLICATE_METHOD_MATCH = YES;
				COPY_PHASE_STRIP = NO;
				DEBUG_INFORMATION_FORMAT = "dwarf-with-dsym";
				ENABLE_NS_ASSERTIONS = NO;
				ENABLE_STRICT_OBJC_MSGSEND = YES;
				GCC_C_LANGUAGE_STANDARD = gnu11;
				GCC_NO_COMMON_BLOCKS = YES;
				GCC_WARN_64_TO_32_BIT_CONVERSION = YES;
				GCC_WARN_ABOUT_RETURN_TYPE = YES_ERROR;
				GCC_WARN_UNDECLARED_SELECTOR = YES;
				GCC_WARN_UNINITIALIZED_AUTOS = YES_AGGRESSIVE;
				GCC_WARN_UNUSED_FUNCTION = YES;
				GCC_WARN_UNUSED_VARIABLE = YES;
				MACOSX_DEPLOYMENT_TARGET = "$(RECOMMENDED_MACOSX_DEPLOYMENT_TARGET)";
				MTL_ENABLE_DEBUG_INFO = NO;
				MTL_FAST_MATH = YES;
				SDKROOT = macosx;
			};
			name = Release;
		};
		749804AA295A1B4D0036D951 /* Debug */ = {
			isa = XCBuildConfiguration;
			buildSettings = {
				CODE_SIGN_STYLE = Automatic;
				FRAMEWORK_SEARCH_PATHS = (
					"$(inherited)",
					"$(LOCAL_LIBRARY_DIR)/Frameworks",
				);
				PRODUCT_NAME = "$(TARGET_NAME)";
			};
			name = Debug;
		};
		749804AB295A1B4D0036D951 /* Release */ = {
			isa = XCBuildConfiguration;
			buildSettings = {
				CODE_SIGN_STYLE = Automatic;
				FRAMEWORK_SEARCH_PATHS = (
					"$(inherited)",
					"$(LOCAL_LIBRARY_DIR)/Frameworks",
				);
				PRODUCT_NAME = "$(TARGET_NAME)";
			};
			name = Release;
		};
/* End XCBuildConfiguration section */

/* Begin XCConfigurationList section */
		7498049D295A1B4D0036D951 /* Build configuration list for PBXProject "Totem" */ = {
			isa = XCConfigurationList;
			buildConfigurations = (
				749804A7295A1B4D0036D951 /* Debug */,
				749804A8295A1B4D0036D951 /* Release */,
			);
			defaultConfigurationIsVisible = 0;
			defaultConfigurationName = Release;
		};
		749804A9295A1B4D0036D951 /* Build configuration list for PBXNativeTarget "Totem" */ = {
			isa = XCConfigurationList;
			buildConfigurations = (
				749804AA295A1B4D0036D951 /* Debug */,
				749804AB295A1B4D0036D951 /* Release */,
			);
			defaultConfigurationIsVisible = 0;
			defaultConfigurationName = Release;
		};
/* End XCConfigurationList section */
	};
	rootObject = 7498049A295A1B4D0036D951 /* Project object */;
}
